# DO NOT EDIT MANUALLY - Managed by Fern Replay
version: "1.0"
generations:
  - commit_sha: a0b2eb9ff01e1bed926592c7a9911d33e31f80c6
    tree_hash: 5a528ed4f4508db024ca84b4f563fb3e42c6efe0
    timestamp: 2026-07-31T03:07:10.347Z
    cli_version: unknown
    generator_versions: {}
current_generation: a0b2eb9ff01e1bed926592c7a9911d33e31f80c6
patches: []
