# DO NOT EDIT MANUALLY - Managed by Fern Replay
version: "1.0"
generations:
  - commit_sha: bf1f7f9edc7cbd242a929c7411f9bfaebeb11121
    tree_hash: 577532842b634c8c47ad2e8f6819af1d4b8a145a
    timestamp: 2026-07-31T18:11:21.548Z
    cli_version: unknown
    generator_versions: {}
current_generation: bf1f7f9edc7cbd242a929c7411f9bfaebeb11121
patches: []
