# DO NOT EDIT MANUALLY - Managed by Fern Replay
version: "1.0"
generations:
  - commit_sha: bf1f7f9edc7cbd242a929c7411f9bfaebeb11121
    tree_hash: 577532842b634c8c47ad2e8f6819af1d4b8a145a
    timestamp: 2026-07-31T18:11:21.548Z
    cli_version: unknown
    generator_versions: {}
  - commit_sha: e2f170674de85dab119805980b524a484d463905
    tree_hash: 282ae9ede7c4357cd9df1348bff6452a9776409b
    timestamp: 2026-07-31T18:11:22.259Z
    cli_version: unknown
    generator_versions:
      fernapi/fern-php-sdk: 2.16.0
  - commit_sha: 3dc8d2cf673eee91609baa5336033b6ec8cddab4
    tree_hash: 0642cb4134184bd3f7a2c7f7f590fadbc92a03ef
    timestamp: 2026-08-16T18:22:13.007Z
    cli_version: unknown
    generator_versions:
      fernapi/fern-php-sdk: 2.16.0
current_generation: 3dc8d2cf673eee91609baa5336033b6ec8cddab4
patches:
  - id: patch-d9d22f51
    content_hash: sha256:a7c46484e3dd32fc6936ab5aebc5af32bfdd273b959ac6e23f5721b37649e2e5
    original_commit: d9d22f51579f0151fffde79a796c4c3079e033be
    original_message: Release 1.0.4.
    original_author: github-actions[bot] <41898282+github-actions[bot]@users.noreply.github.com>
    base_generation: f6ebc695b2af3af992cd2e078c9ccf548b7e6b4e
    files:
      - composer.json
    patch_content: |+
      From d9d22f51579f0151fffde79a796c4c3079e033be Mon Sep 17 00:00:00 2001
      From: "github-actions[bot]"
       <41898282+github-actions[bot]@users.noreply.github.com>
      Date: Fri, 31 Jul 2026 18:29:03 +0000
      Subject: [PATCH] Release 1.0.4.

      ---
       composer.json | 4 ++--
       1 file changed, 2 insertions(+), 2 deletions(-)

      diff --git a/composer.json b/composer.json
      index 86211cf..f68b4cd 100644
      --- a/composer.json
      +++ b/composer.json
      @@ -1,6 +1,6 @@
       {
         "name": "apologist/apologist",
      -  "version": "0.0.6",
      +  "version": "1.0.4",
         "description": "Apologist PHP Library",
         "keywords": [
           "apologist-ai",
      @@ -43,4 +43,4 @@
           "test": "phpunit",
           "analyze": "phpstan analyze src tests --memory-limit=1G"
         }
      -}
      \ No newline at end of file
      +}
      -- 
      2.52.0

    theirs_snapshot:
      composer.json: |
        {
          "name": "apologist/apologist",
          "version": "1.0.4",
          "description": "Apologist PHP Library",
          "keywords": [
            "apologist-ai",
            "api",
            "sdk"
          ],
          "license": [],
          "require": {
            "php": "^8.1",
            "ext-json": "*",
            "psr/http-client": "^1.0",
            "psr/http-client-implementation": "^1.0",
            "psr/http-factory": "^1.0",
            "psr/http-factory-implementation": "^1.0",
            "psr/http-message": "^1.1 || ^2.0",
            "php-http/discovery": "^1.0",
            "php-http/multipart-stream-builder": "^1.0"
          },
          "require-dev": {
            "phpunit/phpunit": "^12.5.22",
            "friendsofphp/php-cs-fixer": "3.5.0",
            "phpstan/phpstan": "^1.12",
            "guzzlehttp/guzzle": "^7.4"
          },
          "autoload": {
            "psr-4": {
              "Apologist\\": "src/"
            }
          },
          "autoload-dev": {
            "psr-4": {
              "Apologist\\Tests\\": "tests/"
            }
          },
          "scripts": {
            "build": [
              "@php -l src",
              "@php -l tests"
            ],
            "test": "phpunit",
            "analyze": "phpstan analyze src tests --memory-limit=1G"
          }
        }
    status: unresolved
